// !$*UTF8*$!
{
	archiveVersion = 1;
	classes = {
	};
	objectVersion = 77;
	objects = {

/* Begin PBXBuildFile section */
		0421E9CCA28EF02CBA6490B7 /* Assets.xcassets in Resources */ = {isa = PBXBuildFile; fileRef = FBC349FD7B3BA945963691C4 /* Assets.xcassets */; };
		13E5FBAF8F2F6F7A6CB62AB4 /* HubListener.swift in Sources */ = {isa = PBXBuildFile; fileRef = ED832F287937B9ABFB188279 /* HubListener.swift */; };
		18154DC024DC86CD051A2CE7 /* FlightRecorder.swift in Sources */ = {isa = PBXBuildFile; fileRef = F386E5D00C1C1159651F42E3 /* FlightRecorder.swift */; };
		5CBABCDDD330DB22E28829B2 /* LocationProvider.swift in Sources */ = {isa = PBXBuildFile; fileRef = E8FE00414EDCD14487259EB4 /* LocationProvider.swift */; };
		8C2009F7E5F0FF7447926155 /* WebView.swift in Sources */ = {isa = PBXBuildFile; fileRef = C8EFC388ED51E66BBD2EBDCE /* WebView.swift */; };
		99A4C7C3B10A531D08E6C7D0 /* WingRockApp.swift in Sources */ = {isa = PBXBuildFile; fileRef = 2764DFC23A45C3711025762C /* WingRockApp.swift */; };
		A0EE8F24AD8E9A337E7B7F08 /* web in Resources */ = {isa = PBXBuildFile; fileRef = A92D40E14E5FE3BC82465C02 /* web */; };
/* End PBXBuildFile section */

/* Begin PBXFileReference section */
		2764DFC23A45C3711025762C /* WingRockApp.swift */ = {isa = PBXFileReference; lastKnownFileType = sourcecode.swift; path = WingRockApp.swift; sourceTree = "<group>"; };
		3D38F91508FE721C9639E984 /* WingRock.entitlements */ = {isa = PBXFileReference; lastKnownFileType = text.plist.entitlements; path = WingRock.entitlements; sourceTree = "<group>"; };
		81CB65E2443D163765919381 /* Info.plist */ = {isa = PBXFileReference; lastKnownFileType = text.plist; path = Info.plist; sourceTree = "<group>"; };
		964F1EE0F42B3CE5DC333208 /* WingRock.app */ = {isa = PBXFileReference; explicitFileType = wrapper.application; includeInIndex = 0; path = WingRock.app; sourceTree = BUILT_PRODUCTS_DIR; };
		A92D40E14E5FE3BC82465C02 /* web */ = {isa = PBXFileReference; lastKnownFileType = folder; name = web; path = ../web; sourceTree = SOURCE_ROOT; };
		C8EFC388ED51E66BBD2EBDCE /* WebView.swift */ = {isa = PBXFileReference; lastKnownFileType = sourcecode.swift; path = WebView.swift; sourceTree = "<group>"; };
		E8FE00414EDCD14487259EB4 /* LocationProvider.swift */ = {isa = PBXFileReference; lastKnownFileType = sourcecode.swift; path = LocationProvider.swift; sourceTree = "<group>"; };
		ED832F287937B9ABFB188279 /* HubListener.swift */ = {isa = PBXFileReference; lastKnownFileType = sourcecode.swift; path = HubListener.swift; sourceTree = "<group>"; };
		F386E5D00C1C1159651F42E3 /* FlightRecorder.swift */ = {isa = PBXFileReference; lastKnownFileType = sourcecode.swift; path = FlightRecorder.swift; sourceTree = "<group>"; };
		FBC349FD7B3BA945963691C4 /* Assets.xcassets */ = {isa = PBXFileReference; lastKnownFileType = folder.assetcatalog; path = Assets.xcassets; sourceTree = "<group>"; };
/* End PBXFileReference section */

/* Begin PBXGroup section */
		266817B107E2F3FFB94E94F1 /* acroReplay */ = {
			isa = PBXGroup;
			children = (
				A92D40E14E5FE3BC82465C02 /* web */,
			);
			name = acroReplay;
			path = ..;
			sourceTree = "<group>";
		};
		721DEE37B1BC41508041AFAE /* Products */ = {
			isa = PBXGroup;
			children = (
				964F1EE0F42B3CE5DC333208 /* WingRock.app */,
			);
			name = Products;
			sourceTree = "<group>";
		};
		8E2275A406CB4742542AE52B = {
			isa = PBXGroup;
			children = (
				266817B107E2F3FFB94E94F1 /* acroReplay */,
				B1E61DCBEA11E9ABDE0001EA /* WingRock */,
				721DEE37B1BC41508041AFAE /* Products */,
			);
			sourceTree = "<group>";
		};
		B1E61DCBEA11E9ABDE0001EA /* WingRock */ = {
			isa = PBXGroup;
			children = (
				FBC349FD7B3BA945963691C4 /* Assets.xcassets */,
				F386E5D00C1C1159651F42E3 /* FlightRecorder.swift */,
				ED832F287937B9ABFB188279 /* HubListener.swift */,
				81CB65E2443D163765919381 /* Info.plist */,
				E8FE00414EDCD14487259EB4 /* LocationProvider.swift */,
				C8EFC388ED51E66BBD2EBDCE /* WebView.swift */,
				3D38F91508FE721C9639E984 /* WingRock.entitlements */,
				2764DFC23A45C3711025762C /* WingRockApp.swift */,
			);
			path = WingRock;
			sourceTree = "<group>";
		};
/* End PBXGroup section */

/* Begin PBXNativeTarget section */
		DD0E3655941D1C6C3B6806EF /* WingRock */ = {
			isa = PBXNativeTarget;
			buildConfigurationList = 10F15D58B4BDCE818BD14CDE /* Build configuration list for PBXNativeTarget "WingRock" */;
			buildPhases = (
				9E023B1E92D9EFAA5A21F865 /* Sources */,
				1C3AF72EF464A71F3A907169 /* Resources */,
			);
			buildRules = (
			);
			dependencies = (
			);
			name = WingRock;
			packageProductDependencies = (
			);
			productName = WingRock;
			productReference = 964F1EE0F42B3CE5DC333208 /* WingRock.app */;
			productType = "com.apple.product-type.application";
		};
/* End PBXNativeTarget section */

/* Begin PBXProject section */
		C10A567C3160E810F299C642 /* Project object */ = {
			isa = PBXProject;
			attributes = {
				BuildIndependentTargetsInParallel = YES;
				LastUpgradeCheck = 1430;
				TargetAttributes = {
					DD0E3655941D1C6C3B6806EF = {
						ProvisioningStyle = Automatic;
					};
				};
			};
			buildConfigurationList = EA28FF9D6EFEF0925FFA4B33 /* Build configuration list for PBXProject "WingRock" */;
			developmentRegion = en;
			hasScannedForEncodings = 0;
			knownRegions = (
				Base,
				en,
			);
			mainGroup = 8E2275A406CB4742542AE52B;
			minimizedProjectReferenceProxies = 1;
			preferredProjectObjectVersion = 77;
			productRefGroup = 721DEE37B1BC41508041AFAE /* Products */;
			projectDirPath = "";
			projectRoot = "";
			targets = (
				DD0E3655941D1C6C3B6806EF /* WingRock */,
			);
		};
/* End PBXProject section */

/* Begin PBXResourcesBuildPhase section */
		1C3AF72EF464A71F3A907169 /* Resources */ = {
			isa = PBXResourcesBuildPhase;
			buildActionMask = 2147483647;
			files = (
				0421E9CCA28EF02CBA6490B7 /* Assets.xcassets in Resources */,
				A0EE8F24AD8E9A337E7B7F08 /* web in Resources */,
			);
			runOnlyForDeploymentPostprocessing = 0;
		};
/* End PBXResourcesBuildPhase section */

/* Begin PBXSourcesBuildPhase section */
		9E023B1E92D9EFAA5A21F865 /* Sources */ = {
			isa = PBXSourcesBuildPhase;
			buildActionMask = 2147483647;
			files = (
				18154DC024DC86CD051A2CE7 /* FlightRecorder.swift in Sources */,
				13E5FBAF8F2F6F7A6CB62AB4 /* HubListener.swift in Sources */,
				5CBABCDDD330DB22E28829B2 /* LocationProvider.swift in Sources */,
				8C2009F7E5F0FF7447926155 /* WebView.swift in Sources */,
				99A4C7C3B10A531D08E6C7D0 /* WingRockApp.swift in Sources */,
			);
			runOnlyForDeploymentPostprocessing = 0;
		};
/* End PBXSourcesBuildPhase section */

/* Begin XCBuildConfiguration section */
		02E2AE561CA4DE2B9CC5A27B /* Debug */ = {
			isa = XCBuildConfiguration;
			buildSettings = {
				ALWAYS_SEARCH_USER_PATHS = NO;
				CLANG_ANALYZER_NONNULL = YES;
				CLANG_ANALYZER_NUMBER_OBJECT_CONVERSION = YES_AGGRESSIVE;
				CLANG_CXX_LANGUAGE_STANDARD = "gnu++14";
				CLANG_CXX_LIBRARY = "libc++";
				CLANG_ENABLE_MODULES = YES;
				CLANG_ENABLE_OBJC_ARC = YES;
				CLANG_ENABLE_OBJC_WEAK = YES;
				CLANG_WARN_BLOCK_CAPTURE_AUTORELEASING = YES;
				CLANG_WARN_BOOL_CONVERSION = YES;
				CLANG_WARN_COMMA = YES;
				CLANG_WARN_CONSTANT_CONVERSION = YES;
				CLANG_WARN_DEPRECATED_OBJC_IMPLEMENTATIONS = YES;
				CLANG_WARN_DIRECT_OBJC_ISA_USAGE = YES_ERROR;
				CLANG_WARN_DOCUMENTATION_COMMENTS = YES;
				CLANG_WARN_EMPTY_BODY = YES;
				CLANG_WARN_ENUM_CONVERSION = YES;
				CLANG_WARN_INFINITE_RECURSION = YES;
				CLANG_WARN_INT_CONVERSION = YES;
				CLANG_WARN_NON_LITERAL_NULL_CONVERSION = YES;
				CLANG_WARN_OBJC_IMPLICIT_RETAIN_SELF = YES;
				CLANG_WARN_OBJC_LITERAL_CONVERSION = YES;
				CLANG_WARN_OBJC_ROOT_CLASS = YES_ERROR;
				CLANG_WARN_QUOTED_INCLUDE_IN_FRAMEWORK_HEADER = YES;
				CLANG_WARN_RANGE_LOOP_ANALYSIS = YES;
				CLANG_WARN_STRICT_PROTOTYPES = YES;
				CLANG_WARN_SUSPICIOUS_MOVE = YES;
				CLANG_WARN_UNGUARDED_AVAILABILITY = YES_AGGRESSIVE;
				CLANG_WARN_UNREACHABLE_CODE = YES;
				CLANG_WARN__DUPLICATE_METHOD_MATCH = YES;
				COPY_PHASE_STRIP = NO;
				DEBUG_INFORMATION_FORMAT = dwarf;
				ENABLE_STRICT_OBJC_MSGSEND = YES;
				ENABLE_TESTABILITY = YES;
				GCC_C_LANGUAGE_STANDARD = gnu11;
				GCC_DYNAMIC_NO_PIC = NO;
				GCC_NO_COMMON_BLOCKS = YES;
				GCC_OPTIMIZATION_LEVEL = 0;
				GCC_PREPROCESSOR_DEFINITIONS = (
					"$(inherited)",
					"DEBUG=1",
				);
				GCC_WARN_64_TO_32_BIT_CONVERSION = YES;
				GCC_WARN_ABOUT_RETURN_TYPE = YES_ERROR;
				GCC_WARN_UNDECLARED_SELECTOR = YES;
				GCC_WARN_UNINITIALIZED_AUTOS = YES_AGGRESSIVE;
				GCC_WARN_UNUSED_FUNCTION = YES;
				GCC_WARN_UNUSED_VARIABLE = YES;
				IPHONEOS_DEPLOYMENT_TARGET = 16.0;
				MTL_ENABLE_DEBUG_INFO = INCLUDE_SOURCE;
				MTL_FAST_MATH = YES;
				ONLY_ACTIVE_ARCH = YES;
				PRODUCT_NAME = "$(TARGET_NAME)";
				SDKROOT = iphoneos;
				SWIFT_ACTIVE_COMPILATION_CONDITIONS = DEBUG;
				SWIFT_OPTIMIZATION_LEVEL = "-Onone";
				SWIFT_VERSION = 5.0;
			};
			name = Debug;
		};
		53BC464155C669F3D4030664 /* Release */ = {
			isa = XCBuildConfiguration;
			buildSettings = {
				ALWAYS_SEARCH_USER_PATHS = NO;
				CLANG_ANALYZER_NONNULL = YES;
				CLANG_ANALYZER_NUMBER_OBJECT_CONVERSION = YES_AGGRESSIVE;
				CLANG_CXX_LANGUAGE_STANDARD = "gnu++14";
				CLANG_CXX_LIBRARY = "libc++";
				CLANG_ENABLE_MODULES = YES;
				CLANG_ENABLE_OBJC_ARC = YES;
				CLANG_ENABLE_OBJC_WEAK = YES;
				CLANG_WARN_BLOCK_CAPTURE_AUTORELEASING = YES;
				CLANG_WARN_BOOL_CONVERSION = YES;
				CLANG_WARN_COMMA = YES;
				CLANG_WARN_CONSTANT_CONVERSION = YES;
				CLANG_WARN_DEPRECATED_OBJC_IMPLEMENTATIONS = YES;
				CLANG_WARN_DIRECT_OBJC_ISA_USAGE = YES_ERROR;
				CLANG_WARN_DOCUMENTATION_COMMENTS = YES;
				CLANG_WARN_EMPTY_BODY = YES;
				CLANG_WARN_ENUM_CONVERSION = YES;
				CLANG_WARN_INFINITE_RECURSION = YES;
				CLANG_WARN_INT_CONVERSION = YES;
				CLANG_WARN_NON_LITERAL_NULL_CONVERSION = YES;
				CLANG_WARN_OBJC_IMPLICIT_RETAIN_SELF = YES;
				CLANG_WARN_OBJC_LITERAL_CONVERSION = YES;
				CLANG_WARN_OBJC_ROOT_CLASS = YES_ERROR;
				CLANG_WARN_QUOTED_INCLUDE_IN_FRAMEWORK_HEADER = YES;
				CLANG_WARN_RANGE_LOOP_ANALYSIS = YES;
				CLANG_WARN_STRICT_PROTOTYPES = YES;
				CLANG_WARN_SUSPICIOUS_MOVE = YES;
				CLANG_WARN_UNGUARDED_AVAILABILITY = YES_AGGRESSIVE;
				CLANG_WARN_UNREACHABLE_CODE = YES;
				CLANG_WARN__DUPLICATE_METHOD_MATCH = YES;
				COPY_PHASE_STRIP = NO;
				DEBUG_INFORMATION_FORMAT = "dwarf-with-dsym";
				ENABLE_NS_ASSERTIONS = NO;
				ENABLE_STRICT_OBJC_MSGSEND = YES;
				GCC_C_LANGUAGE_STANDARD = gnu11;
				GCC_NO_COMMON_BLOCKS = YES;
				GCC_WARN_64_TO_32_BIT_CONVERSION = YES;
				GCC_WARN_ABOUT_RETURN_TYPE = YES_ERROR;
				GCC_WARN_UNDECLARED_SELECTOR = YES;
				GCC_WARN_UNINITIALIZED_AUTOS = YES_AGGRESSIVE;
				GCC_WARN_UNUSED_FUNCTION = YES;
				GCC_WARN_UNUSED_VARIABLE = YES;
				IPHONEOS_DEPLOYMENT_TARGET = 16.0;
				MTL_ENABLE_DEBUG_INFO = NO;
				MTL_FAST_MATH = YES;
				PRODUCT_NAME = "$(TARGET_NAME)";
				SDKROOT = iphoneos;
				SWIFT_COMPILATION_MODE = wholemodule;
				SWIFT_OPTIMIZATION_LEVEL = "-O";
				SWIFT_VERSION = 5.0;
			};
			name = Release;
		};
		A1DB5B5A46618FFFAD258CD0 /* Debug */ = {
			isa = XCBuildConfiguration;
			buildSettings = {
				ASSETCATALOG_COMPILER_APPICON_NAME = AppIcon;
				CODE_SIGN_IDENTITY = "iPhone Developer";
				CODE_SIGN_STYLE = Automatic;
				CURRENT_PROJECT_VERSION = 1;
				DEVELOPMENT_TEAM = 7JW4DDAANZ;
				INFOPLIST_FILE = WingRock/Info.plist;
				LD_RUNPATH_SEARCH_PATHS = (
					"$(inherited)",
					"@executable_path/Frameworks",
				);
				MARKETING_VERSION = 0.1.0;
				PRODUCT_BUNDLE_IDENTIFIER = org.livefreeandfly.wingrock;
				SDKROOT = iphoneos;
				SWIFT_VERSION = 5.9;
				TARGETED_DEVICE_FAMILY = "1,2";
			};
			name = Debug;
		};
		E7EF1CDF3E327CEF5A869F5C /* Release */ = {
			isa = XCBuildConfiguration;
			buildSettings = {
				ASSETCATALOG_COMPILER_APPICON_NAME = AppIcon;
				CODE_SIGN_IDENTITY = "iPhone Developer";
				CODE_SIGN_STYLE = Automatic;
				CURRENT_PROJECT_VERSION = 1;
				DEVELOPMENT_TEAM = 7JW4DDAANZ;
				INFOPLIST_FILE = WingRock/Info.plist;
				LD_RUNPATH_SEARCH_PATHS = (
					"$(inherited)",
					"@executable_path/Frameworks",
				);
				MARKETING_VERSION = 0.1.0;
				PRODUCT_BUNDLE_IDENTIFIER = org.livefreeandfly.wingrock;
				SDKROOT = iphoneos;
				SWIFT_VERSION = 5.9;
				TARGETED_DEVICE_FAMILY = "1,2";
			};
			name = Release;
		};
/* End XCBuildConfiguration section */

/* Begin XCConfigurationList section */
		10F15D58B4BDCE818BD14CDE /* Build configuration list for PBXNativeTarget "WingRock" */ = {
			isa = XCConfigurationList;
			buildConfigurations = (
				A1DB5B5A46618FFFAD258CD0 /* Debug */,
				E7EF1CDF3E327CEF5A869F5C /* Release */,
			);
			defaultConfigurationIsVisible = 0;
			defaultConfigurationName = Debug;
		};
		EA28FF9D6EFEF0925FFA4B33 /* Build configuration list for PBXProject "WingRock" */ = {
			isa = XCConfigurationList;
			buildConfigurations = (
				02E2AE561CA4DE2B9CC5A27B /* Debug */,
				53BC464155C669F3D4030664 /* Release */,
			);
			defaultConfigurationIsVisible = 0;
			defaultConfigurationName = Debug;
		};
/* End XCConfigurationList section */
	};
	rootObject = C10A567C3160E810F299C642 /* Project object */;
}
